<?xml version="1.0" encoding="utf-8"?>
<Project ToolsVersion="17.0" xmlns="http://schemas.microsoft.com/developer/msbuild/2003">
  <ItemGroup>
    <CustomBuild Include="C:\Users\nikme\source\repos\GameBuilder\libccd\CMakeFiles\19b6a171a72c89c23c9358ca94c39934\INSTALL_force.rule">
      <Filter>CMake Rules</Filter>
    </CustomBuild>
  </ItemGroup>
  <ItemGroup>
    <Filter Include="CMake Rules">
      <UniqueIdentifier>{771429C2-1428-310B-A187-53BE474BCA68}</UniqueIdentifier>
    </Filter>
  </ItemGroup>
</Project>
