
Microsoft Visual Studio Solution File, Format Version 12.00
# Visual Studio Version 17
Project("{8BC9CEB8-8B4A-11D0-8D11-00A0C91BC942}") = "ALL_BUILD", "ALL_BUILD.vcxproj", "{4C1332D1-DC8B-30FD-922E-BC1DF71EBF3F}"
	ProjectSection(ProjectDependencies) = postProject
		{5E2E658E-CD76-36E0-9A02-109CD7ED6EFE} = {5E2E658E-CD76-36E0-9A02-109CD7ED6EFE}
		{C43BA41C-FAA3-3732-AD34-AD683FFD9716} = {C43BA41C-FAA3-3732-AD34-AD683FFD9716}
	EndProjectSection
EndProject
Project("{8BC9CEB8-8B4A-11D0-8D11-00A0C91BC942}") = "Continuous", "Continuous.vcxproj", "{A102206D-5E4C-3358-B14A-24F1D60845F6}"
	ProjectSection(ProjectDependencies) = postProject
		{5E2E658E-CD76-36E0-9A02-109CD7ED6EFE} = {5E2E658E-CD76-36E0-9A02-109CD7ED6EFE}
	EndProjectSection
EndProject
Project("{8BC9CEB8-8B4A-11D0-8D11-00A0C91BC942}") = "Experimental", "Experimental.vcxproj", "{C157AF15-AB0E-3026-AF59-2906F8065784}"
	ProjectSection(ProjectDependencies) = postProject
		{5E2E658E-CD76-36E0-9A02-109CD7ED6EFE} = {5E2E658E-CD76-36E0-9A02-109CD7ED6EFE}
	EndProjectSection
EndProject
Project("{8BC9CEB8-8B4A-11D0-8D11-00A0C91BC942}") = "INSTALL", "INSTALL.vcxproj", "{C6B4A2F6-D1CD-3923-98DC-9978EE137403}"
	ProjectSection(ProjectDependencies) = postProject
		{4C1332D1-DC8B-30FD-922E-BC1DF71EBF3F} = {4C1332D1-DC8B-30FD-922E-BC1DF71EBF3F}
		{5E2E658E-CD76-36E0-9A02-109CD7ED6EFE} = {5E2E658E-CD76-36E0-9A02-109CD7ED6EFE}
	EndProjectSection
EndProject
Project("{8BC9CEB8-8B4A-11D0-8D11-00A0C91BC942}") = "Nightly", "Nightly.vcxproj", "{C03FA48D-B2C5-3DF1-9333-BEAB5762A96C}"
	ProjectSection(ProjectDependencies) = postProject
		{5E2E658E-CD76-36E0-9A02-109CD7ED6EFE} = {5E2E658E-CD76-36E0-9A02-109CD7ED6EFE}
	EndProjectSection
EndProject
Project("{8BC9CEB8-8B4A-11D0-8D11-00A0C91BC942}") = "NightlyMemoryCheck", "NightlyMemoryCheck.vcxproj", "{881D377A-338B-397D-9649-1ACFCD537948}"
	ProjectSection(ProjectDependencies) = postProject
		{5E2E658E-CD76-36E0-9A02-109CD7ED6EFE} = {5E2E658E-CD76-36E0-9A02-109CD7ED6EFE}
	EndProjectSection
EndProject
Project("{8BC9CEB8-8B4A-11D0-8D11-00A0C91BC942}") = "RUN_TESTS", "RUN_TESTS.vcxproj", "{97C6A6DC-7E54-339B-B623-ABA142463518}"
	ProjectSection(ProjectDependencies) = postProject
		{5E2E658E-CD76-36E0-9A02-109CD7ED6EFE} = {5E2E658E-CD76-36E0-9A02-109CD7ED6EFE}
	EndProjectSection
EndProject
Project("{8BC9CEB8-8B4A-11D0-8D11-00A0C91BC942}") = "ZERO_CHECK", "ZERO_CHECK.vcxproj", "{5E2E658E-CD76-36E0-9A02-109CD7ED6EFE}"
	ProjectSection(ProjectDependencies) = postProject
	EndProjectSection
EndProject
Project("{8BC9CEB8-8B4A-11D0-8D11-00A0C91BC942}") = "ccd", "src\ccd.vcxproj", "{C43BA41C-FAA3-3732-AD34-AD683FFD9716}"
	ProjectSection(ProjectDependencies) = postProject
		{5E2E658E-CD76-36E0-9A02-109CD7ED6EFE} = {5E2E658E-CD76-36E0-9A02-109CD7ED6EFE}
	EndProjectSection
EndProject
Global
	GlobalSection(SolutionConfigurationPlatforms) = preSolution
		Debug|x64 = Debug|x64
		Release|x64 = Release|x64
		MinSizeRel|x64 = MinSizeRel|x64
		RelWithDebInfo|x64 = RelWithDebInfo|x64
	EndGlobalSection
	GlobalSection(ProjectConfigurationPlatforms) = postSolution
		{4C1332D1-DC8B-30FD-922E-BC1DF71EBF3F}.Debug|x64.ActiveCfg = Debug|x64
		{4C1332D1-DC8B-30FD-922E-BC1DF71EBF3F}.Debug|x64.Build.0 = Debug|x64
		{4C1332D1-DC8B-30FD-922E-BC1DF71EBF3F}.Release|x64.ActiveCfg = Release|x64
		{4C1332D1-DC8B-30FD-922E-BC1DF71EBF3F}.Release|x64.Build.0 = Release|x64
		{4C1332D1-DC8B-30FD-922E-BC1DF71EBF3F}.MinSizeRel|x64.ActiveCfg = MinSizeRel|x64
		{4C1332D1-DC8B-30FD-922E-BC1DF71EBF3F}.MinSizeRel|x64.Build.0 = MinSizeRel|x64
		{4C1332D1-DC8B-30FD-922E-BC1DF71EBF3F}.RelWithDebInfo|x64.ActiveCfg = RelWithDebInfo|x64
		{4C1332D1-DC8B-30FD-922E-BC1DF71EBF3F}.RelWithDebInfo|x64.Build.0 = RelWithDebInfo|x64
		{A102206D-5E4C-3358-B14A-24F1D60845F6}.Debug|x64.ActiveCfg = Debug|x64
		{A102206D-5E4C-3358-B14A-24F1D60845F6}.Release|x64.ActiveCfg = Release|x64
		{A102206D-5E4C-3358-B14A-24F1D60845F6}.MinSizeRel|x64.ActiveCfg = MinSizeRel|x64
		{A102206D-5E4C-3358-B14A-24F1D60845F6}.RelWithDebInfo|x64.ActiveCfg = RelWithDebInfo|x64
		{C157AF15-AB0E-3026-AF59-2906F8065784}.Debug|x64.ActiveCfg = Debug|x64
		{C157AF15-AB0E-3026-AF59-2906F8065784}.Release|x64.ActiveCfg = Release|x64
		{C157AF15-AB0E-3026-AF59-2906F8065784}.MinSizeRel|x64.ActiveCfg = MinSizeRel|x64
		{C157AF15-AB0E-3026-AF59-2906F8065784}.RelWithDebInfo|x64.ActiveCfg = RelWithDebInfo|x64
		{C6B4A2F6-D1CD-3923-98DC-9978EE137403}.Debug|x64.ActiveCfg = Debug|x64
		{C6B4A2F6-D1CD-3923-98DC-9978EE137403}.Release|x64.ActiveCfg = Release|x64
		{C6B4A2F6-D1CD-3923-98DC-9978EE137403}.MinSizeRel|x64.ActiveCfg = MinSizeRel|x64
		{C6B4A2F6-D1CD-3923-98DC-9978EE137403}.RelWithDebInfo|x64.ActiveCfg = RelWithDebInfo|x64
		{C03FA48D-B2C5-3DF1-9333-BEAB5762A96C}.Debug|x64.ActiveCfg = Debug|x64
		{C03FA48D-B2C5-3DF1-9333-BEAB5762A96C}.Release|x64.ActiveCfg = Release|x64
		{C03FA48D-B2C5-3DF1-9333-BEAB5762A96C}.MinSizeRel|x64.ActiveCfg = MinSizeRel|x64
		{C03FA48D-B2C5-3DF1-9333-BEAB5762A96C}.RelWithDebInfo|x64.ActiveCfg = RelWithDebInfo|x64
		{881D377A-338B-397D-9649-1ACFCD537948}.Debug|x64.ActiveCfg = Debug|x64
		{881D377A-338B-397D-9649-1ACFCD537948}.Release|x64.ActiveCfg = Release|x64
		{881D377A-338B-397D-9649-1ACFCD537948}.MinSizeRel|x64.ActiveCfg = MinSizeRel|x64
		{881D377A-338B-397D-9649-1ACFCD537948}.RelWithDebInfo|x64.ActiveCfg = RelWithDebInfo|x64
		{97C6A6DC-7E54-339B-B623-ABA142463518}.Debug|x64.ActiveCfg = Debug|x64
		{97C6A6DC-7E54-339B-B623-ABA142463518}.Release|x64.ActiveCfg = Release|x64
		{97C6A6DC-7E54-339B-B623-ABA142463518}.MinSizeRel|x64.ActiveCfg = MinSizeRel|x64
		{97C6A6DC-7E54-339B-B623-ABA142463518}.RelWithDebInfo|x64.ActiveCfg = RelWithDebInfo|x64
		{5E2E658E-CD76-36E0-9A02-109CD7ED6EFE}.Debug|x64.ActiveCfg = Debug|x64
		{5E2E658E-CD76-36E0-9A02-109CD7ED6EFE}.Debug|x64.Build.0 = Debug|x64
		{5E2E658E-CD76-36E0-9A02-109CD7ED6EFE}.Release|x64.ActiveCfg = Release|x64
		{5E2E658E-CD76-36E0-9A02-109CD7ED6EFE}.Release|x64.Build.0 = Release|x64
		{5E2E658E-CD76-36E0-9A02-109CD7ED6EFE}.MinSizeRel|x64.ActiveCfg = MinSizeRel|x64
		{5E2E658E-CD76-36E0-9A02-109CD7ED6EFE}.MinSizeRel|x64.Build.0 = MinSizeRel|x64
		{5E2E658E-CD76-36E0-9A02-109CD7ED6EFE}.RelWithDebInfo|x64.ActiveCfg = RelWithDebInfo|x64
		{5E2E658E-CD76-36E0-9A02-109CD7ED6EFE}.RelWithDebInfo|x64.Build.0 = RelWithDebInfo|x64
		{C43BA41C-FAA3-3732-AD34-AD683FFD9716}.Debug|x64.ActiveCfg = Debug|x64
		{C43BA41C-FAA3-3732-AD34-AD683FFD9716}.Debug|x64.Build.0 = Debug|x64
		{C43BA41C-FAA3-3732-AD34-AD683FFD9716}.Release|x64.ActiveCfg = Release|x64
		{C43BA41C-FAA3-3732-AD34-AD683FFD9716}.Release|x64.Build.0 = Release|x64
		{C43BA41C-FAA3-3732-AD34-AD683FFD9716}.MinSizeRel|x64.ActiveCfg = MinSizeRel|x64
		{C43BA41C-FAA3-3732-AD34-AD683FFD9716}.MinSizeRel|x64.Build.0 = MinSizeRel|x64
		{C43BA41C-FAA3-3732-AD34-AD683FFD9716}.RelWithDebInfo|x64.ActiveCfg = RelWithDebInfo|x64
		{C43BA41C-FAA3-3732-AD34-AD683FFD9716}.RelWithDebInfo|x64.Build.0 = RelWithDebInfo|x64
	EndGlobalSection
	GlobalSection(ExtensibilityGlobals) = postSolution
		SolutionGuid = {68083292-F75B-39B9-955C-2004787C3824}
	EndGlobalSection
	GlobalSection(ExtensibilityAddIns) = postSolution
	EndGlobalSection
EndGlobal
