
Microsoft Visual Studio Solution File, Format Version 12.00
# Visual Studio Version 17
VisualStudioVersion = 17.14.36511.14
MinimumVisualStudioVersion = 10.0.40219.1
Project("{8BC9CEB8-8B4A-11D0-8D11-00A0C91BC942}") = "raylib", "raylib\raylib\raylib.vcxproj", "{C0349AF0-3DCD-3221-8B61-CDBE3E2AC8DC}"
EndProject
Project("{8BC9CEB8-8B4A-11D0-8D11-00A0C91BC942}") = "glfw", "raylib\raylib\external\glfw\src\glfw.vcxproj", "{3C6F60B8-3572-3E29-A0AE-D54EAE915670}"
EndProject
Project("{2150E333-8FDC-42A3-9474-1A3956D46DE8}") = "external", "external", "{02EA681E-C7D8-13C7-8484-4AC65E1B71E8}"
EndProject
Project("{8BC9CEB8-8B4A-11D0-8D11-00A0C91BC942}") = "GameBuilder", "GameBuilder\GameBuilder.vcxproj", "{1ECA485B-E194-4058-B760-FF353595DA67}"
EndProject
Project("{8BC9CEB8-8B4A-11D0-8D11-00A0C91BC942}") = "ccd", "libccd\src\ccd.vcxproj", "{C43BA41C-FAA3-3732-AD34-AD683FFD9716}"
EndProject
Project("{8BC9CEB8-8B4A-11D0-8D11-00A0C91BC942}") = "lwlog_lib", "lwlog\lwlog_lib.vcxproj", "{D69195E3-4C18-30BE-A634-03F270864FC9}"
EndProject
Project("{8BC9CEB8-8B4A-11D0-8D11-00A0C91BC942}") = "rlImGui", "rlImGui\ownproject\rlImGui.vcxproj", "{DECE814C-4AAE-00E8-53C6-8BBEBF246749}"
EndProject
Project("{8BC9CEB8-8B4A-11D0-8D11-00A0C91BC942}") = "ImGuiFileDialog", "ImGuiFileDialog\ImGuiFileDialog.vcxproj", "{E9313509-7FBF-35A0-9D2A-C936D43FC329}"
EndProject
Global
	GlobalSection(SolutionConfigurationPlatforms) = preSolution
		Debug|ARM = Debug|ARM
		Debug|ARM64 = Debug|ARM64
		Debug|x64 = Debug|x64
		Debug|x86 = Debug|x86
		Release|ARM = Release|ARM
		Release|ARM64 = Release|ARM64
		Release|x64 = Release|x64
		Release|x86 = Release|x86
	EndGlobalSection
	GlobalSection(ProjectConfigurationPlatforms) = postSolution
		{C0349AF0-3DCD-3221-8B61-CDBE3E2AC8DC}.Debug|ARM.ActiveCfg = Debug|x64
		{C0349AF0-3DCD-3221-8B61-CDBE3E2AC8DC}.Debug|ARM.Build.0 = Debug|x64
		{C0349AF0-3DCD-3221-8B61-CDBE3E2AC8DC}.Debug|ARM64.ActiveCfg = Debug|x64
		{C0349AF0-3DCD-3221-8B61-CDBE3E2AC8DC}.Debug|ARM64.Build.0 = Debug|x64
		{C0349AF0-3DCD-3221-8B61-CDBE3E2AC8DC}.Debug|x64.ActiveCfg = Debug|x64
		{C0349AF0-3DCD-3221-8B61-CDBE3E2AC8DC}.Debug|x64.Build.0 = Debug|x64
		{C0349AF0-3DCD-3221-8B61-CDBE3E2AC8DC}.Debug|x86.ActiveCfg = Debug|x64
		{C0349AF0-3DCD-3221-8B61-CDBE3E2AC8DC}.Debug|x86.Build.0 = Debug|x64
		{C0349AF0-3DCD-3221-8B61-CDBE3E2AC8DC}.Release|ARM.ActiveCfg = Release|x64
		{C0349AF0-3DCD-3221-8B61-CDBE3E2AC8DC}.Release|ARM.Build.0 = Release|x64
		{C0349AF0-3DCD-3221-8B61-CDBE3E2AC8DC}.Release|ARM64.ActiveCfg = Release|x64
		{C0349AF0-3DCD-3221-8B61-CDBE3E2AC8DC}.Release|ARM64.Build.0 = Release|x64
		{C0349AF0-3DCD-3221-8B61-CDBE3E2AC8DC}.Release|x64.ActiveCfg = Release|x64
		{C0349AF0-3DCD-3221-8B61-CDBE3E2AC8DC}.Release|x64.Build.0 = Release|x64
		{C0349AF0-3DCD-3221-8B61-CDBE3E2AC8DC}.Release|x86.ActiveCfg = Release|x64
		{C0349AF0-3DCD-3221-8B61-CDBE3E2AC8DC}.Release|x86.Build.0 = Release|x64
		{3C6F60B8-3572-3E29-A0AE-D54EAE915670}.Debug|ARM.ActiveCfg = Debug|x64
		{3C6F60B8-3572-3E29-A0AE-D54EAE915670}.Debug|ARM.Build.0 = Debug|x64
		{3C6F60B8-3572-3E29-A0AE-D54EAE915670}.Debug|ARM64.ActiveCfg = Debug|x64
		{3C6F60B8-3572-3E29-A0AE-D54EAE915670}.Debug|ARM64.Build.0 = Debug|x64
		{3C6F60B8-3572-3E29-A0AE-D54EAE915670}.Debug|x64.ActiveCfg = Debug|x64
		{3C6F60B8-3572-3E29-A0AE-D54EAE915670}.Debug|x64.Build.0 = Debug|x64
		{3C6F60B8-3572-3E29-A0AE-D54EAE915670}.Debug|x86.ActiveCfg = Debug|x64
		{3C6F60B8-3572-3E29-A0AE-D54EAE915670}.Debug|x86.Build.0 = Debug|x64
		{3C6F60B8-3572-3E29-A0AE-D54EAE915670}.Release|ARM.ActiveCfg = Release|x64
		{3C6F60B8-3572-3E29-A0AE-D54EAE915670}.Release|ARM.Build.0 = Release|x64
		{3C6F60B8-3572-3E29-A0AE-D54EAE915670}.Release|ARM64.ActiveCfg = Release|x64
		{3C6F60B8-3572-3E29-A0AE-D54EAE915670}.Release|ARM64.Build.0 = Release|x64
		{3C6F60B8-3572-3E29-A0AE-D54EAE915670}.Release|x64.ActiveCfg = Release|x64
		{3C6F60B8-3572-3E29-A0AE-D54EAE915670}.Release|x64.Build.0 = Release|x64
		{3C6F60B8-3572-3E29-A0AE-D54EAE915670}.Release|x86.ActiveCfg = Release|x64
		{3C6F60B8-3572-3E29-A0AE-D54EAE915670}.Release|x86.Build.0 = Release|x64
		{1ECA485B-E194-4058-B760-FF353595DA67}.Debug|ARM.ActiveCfg = Debug|x64
		{1ECA485B-E194-4058-B760-FF353595DA67}.Debug|ARM.Build.0 = Debug|x64
		{1ECA485B-E194-4058-B760-FF353595DA67}.Debug|ARM64.ActiveCfg = Debug|x64
		{1ECA485B-E194-4058-B760-FF353595DA67}.Debug|ARM64.Build.0 = Debug|x64
		{1ECA485B-E194-4058-B760-FF353595DA67}.Debug|x64.ActiveCfg = Debug|x64
		{1ECA485B-E194-4058-B760-FF353595DA67}.Debug|x64.Build.0 = Debug|x64
		{1ECA485B-E194-4058-B760-FF353595DA67}.Debug|x86.ActiveCfg = Debug|Win32
		{1ECA485B-E194-4058-B760-FF353595DA67}.Debug|x86.Build.0 = Debug|Win32
		{1ECA485B-E194-4058-B760-FF353595DA67}.Release|ARM.ActiveCfg = Release|x64
		{1ECA485B-E194-4058-B760-FF353595DA67}.Release|ARM.Build.0 = Release|x64
		{1ECA485B-E194-4058-B760-FF353595DA67}.Release|ARM64.ActiveCfg = Release|x64
		{1ECA485B-E194-4058-B760-FF353595DA67}.Release|ARM64.Build.0 = Release|x64
		{1ECA485B-E194-4058-B760-FF353595DA67}.Release|x64.ActiveCfg = Release|x64
		{1ECA485B-E194-4058-B760-FF353595DA67}.Release|x64.Build.0 = Release|x64
		{1ECA485B-E194-4058-B760-FF353595DA67}.Release|x86.ActiveCfg = Release|Win32
		{1ECA485B-E194-4058-B760-FF353595DA67}.Release|x86.Build.0 = Release|Win32
		{C43BA41C-FAA3-3732-AD34-AD683FFD9716}.Debug|ARM.ActiveCfg = Debug|x64
		{C43BA41C-FAA3-3732-AD34-AD683FFD9716}.Debug|ARM.Build.0 = Debug|x64
		{C43BA41C-FAA3-3732-AD34-AD683FFD9716}.Debug|ARM64.ActiveCfg = Debug|x64
		{C43BA41C-FAA3-3732-AD34-AD683FFD9716}.Debug|ARM64.Build.0 = Debug|x64
		{C43BA41C-FAA3-3732-AD34-AD683FFD9716}.Debug|x64.ActiveCfg = Debug|x64
		{C43BA41C-FAA3-3732-AD34-AD683FFD9716}.Debug|x64.Build.0 = Debug|x64
		{C43BA41C-FAA3-3732-AD34-AD683FFD9716}.Debug|x86.ActiveCfg = Debug|x64
		{C43BA41C-FAA3-3732-AD34-AD683FFD9716}.Debug|x86.Build.0 = Debug|x64
		{C43BA41C-FAA3-3732-AD34-AD683FFD9716}.Release|ARM.ActiveCfg = Release|x64
		{C43BA41C-FAA3-3732-AD34-AD683FFD9716}.Release|ARM.Build.0 = Release|x64
		{C43BA41C-FAA3-3732-AD34-AD683FFD9716}.Release|ARM64.ActiveCfg = Release|x64
		{C43BA41C-FAA3-3732-AD34-AD683FFD9716}.Release|ARM64.Build.0 = Release|x64
		{C43BA41C-FAA3-3732-AD34-AD683FFD9716}.Release|x64.ActiveCfg = Release|x64
		{C43BA41C-FAA3-3732-AD34-AD683FFD9716}.Release|x64.Build.0 = Release|x64
		{C43BA41C-FAA3-3732-AD34-AD683FFD9716}.Release|x86.ActiveCfg = Release|x64
		{C43BA41C-FAA3-3732-AD34-AD683FFD9716}.Release|x86.Build.0 = Release|x64
		{D69195E3-4C18-30BE-A634-03F270864FC9}.Debug|ARM.ActiveCfg = Debug|x64
		{D69195E3-4C18-30BE-A634-03F270864FC9}.Debug|ARM.Build.0 = Debug|x64
		{D69195E3-4C18-30BE-A634-03F270864FC9}.Debug|ARM64.ActiveCfg = Debug|x64
		{D69195E3-4C18-30BE-A634-03F270864FC9}.Debug|ARM64.Build.0 = Debug|x64
		{D69195E3-4C18-30BE-A634-03F270864FC9}.Debug|x64.ActiveCfg = Debug|x64
		{D69195E3-4C18-30BE-A634-03F270864FC9}.Debug|x64.Build.0 = Debug|x64
		{D69195E3-4C18-30BE-A634-03F270864FC9}.Debug|x86.ActiveCfg = Debug|x64
		{D69195E3-4C18-30BE-A634-03F270864FC9}.Debug|x86.Build.0 = Debug|x64
		{D69195E3-4C18-30BE-A634-03F270864FC9}.Release|ARM.ActiveCfg = Release|x64
		{D69195E3-4C18-30BE-A634-03F270864FC9}.Release|ARM.Build.0 = Release|x64
		{D69195E3-4C18-30BE-A634-03F270864FC9}.Release|ARM64.ActiveCfg = Release|x64
		{D69195E3-4C18-30BE-A634-03F270864FC9}.Release|ARM64.Build.0 = Release|x64
		{D69195E3-4C18-30BE-A634-03F270864FC9}.Release|x64.ActiveCfg = Release|x64
		{D69195E3-4C18-30BE-A634-03F270864FC9}.Release|x64.Build.0 = Release|x64
		{D69195E3-4C18-30BE-A634-03F270864FC9}.Release|x86.ActiveCfg = Release|x64
		{D69195E3-4C18-30BE-A634-03F270864FC9}.Release|x86.Build.0 = Release|x64
		{DECE814C-4AAE-00E8-53C6-8BBEBF246749}.Debug|ARM.ActiveCfg = Debug|x64
		{DECE814C-4AAE-00E8-53C6-8BBEBF246749}.Debug|ARM.Build.0 = Debug|x64
		{DECE814C-4AAE-00E8-53C6-8BBEBF246749}.Debug|ARM64.ActiveCfg = Debug|x64
		{DECE814C-4AAE-00E8-53C6-8BBEBF246749}.Debug|ARM64.Build.0 = Debug|x64
		{DECE814C-4AAE-00E8-53C6-8BBEBF246749}.Debug|x64.ActiveCfg = Debug|x64
		{DECE814C-4AAE-00E8-53C6-8BBEBF246749}.Debug|x64.Build.0 = Debug|x64
		{DECE814C-4AAE-00E8-53C6-8BBEBF246749}.Debug|x86.ActiveCfg = Debug|x64
		{DECE814C-4AAE-00E8-53C6-8BBEBF246749}.Debug|x86.Build.0 = Debug|x64
		{DECE814C-4AAE-00E8-53C6-8BBEBF246749}.Release|ARM.ActiveCfg = Release|x64
		{DECE814C-4AAE-00E8-53C6-8BBEBF246749}.Release|ARM.Build.0 = Release|x64
		{DECE814C-4AAE-00E8-53C6-8BBEBF246749}.Release|ARM64.ActiveCfg = Release|x64
		{DECE814C-4AAE-00E8-53C6-8BBEBF246749}.Release|ARM64.Build.0 = Release|x64
		{DECE814C-4AAE-00E8-53C6-8BBEBF246749}.Release|x64.ActiveCfg = Release|x64
		{DECE814C-4AAE-00E8-53C6-8BBEBF246749}.Release|x64.Build.0 = Release|x64
		{DECE814C-4AAE-00E8-53C6-8BBEBF246749}.Release|x86.ActiveCfg = Release|x64
		{DECE814C-4AAE-00E8-53C6-8BBEBF246749}.Release|x86.Build.0 = Release|x64
		{E9313509-7FBF-35A0-9D2A-C936D43FC329}.Debug|ARM.ActiveCfg = Debug|x64
		{E9313509-7FBF-35A0-9D2A-C936D43FC329}.Debug|ARM.Build.0 = Debug|x64
		{E9313509-7FBF-35A0-9D2A-C936D43FC329}.Debug|ARM64.ActiveCfg = Debug|x64
		{E9313509-7FBF-35A0-9D2A-C936D43FC329}.Debug|ARM64.Build.0 = Debug|x64
		{E9313509-7FBF-35A0-9D2A-C936D43FC329}.Debug|x64.ActiveCfg = Debug|x64
		{E9313509-7FBF-35A0-9D2A-C936D43FC329}.Debug|x64.Build.0 = Debug|x64
		{E9313509-7FBF-35A0-9D2A-C936D43FC329}.Debug|x86.ActiveCfg = Debug|x64
		{E9313509-7FBF-35A0-9D2A-C936D43FC329}.Debug|x86.Build.0 = Debug|x64
		{E9313509-7FBF-35A0-9D2A-C936D43FC329}.Release|ARM.ActiveCfg = Release|x64
		{E9313509-7FBF-35A0-9D2A-C936D43FC329}.Release|ARM.Build.0 = Release|x64
		{E9313509-7FBF-35A0-9D2A-C936D43FC329}.Release|ARM64.ActiveCfg = Release|x64
		{E9313509-7FBF-35A0-9D2A-C936D43FC329}.Release|ARM64.Build.0 = Release|x64
		{E9313509-7FBF-35A0-9D2A-C936D43FC329}.Release|x64.ActiveCfg = Release|x64
		{E9313509-7FBF-35A0-9D2A-C936D43FC329}.Release|x64.Build.0 = Release|x64
		{E9313509-7FBF-35A0-9D2A-C936D43FC329}.Release|x86.ActiveCfg = Release|x64
		{E9313509-7FBF-35A0-9D2A-C936D43FC329}.Release|x86.Build.0 = Release|x64
	EndGlobalSection
	GlobalSection(SolutionProperties) = preSolution
		HideSolutionNode = FALSE
	EndGlobalSection
	GlobalSection(NestedProjects) = preSolution
		{C0349AF0-3DCD-3221-8B61-CDBE3E2AC8DC} = {02EA681E-C7D8-13C7-8484-4AC65E1B71E8}
		{3C6F60B8-3572-3E29-A0AE-D54EAE915670} = {02EA681E-C7D8-13C7-8484-4AC65E1B71E8}
		{C43BA41C-FAA3-3732-AD34-AD683FFD9716} = {02EA681E-C7D8-13C7-8484-4AC65E1B71E8}
		{D69195E3-4C18-30BE-A634-03F270864FC9} = {02EA681E-C7D8-13C7-8484-4AC65E1B71E8}
		{DECE814C-4AAE-00E8-53C6-8BBEBF246749} = {02EA681E-C7D8-13C7-8484-4AC65E1B71E8}
		{E9313509-7FBF-35A0-9D2A-C936D43FC329} = {02EA681E-C7D8-13C7-8484-4AC65E1B71E8}
	EndGlobalSection
	GlobalSection(ExtensibilityGlobals) = postSolution
		SolutionGuid = {F0F8F211-FBAF-438E-8DEA-3E6044ADAE58}
	EndGlobalSection
EndGlobal
