<?xml version="1.0" encoding="utf-8"?>
<Project ToolsVersion="17.0" xmlns="http://schemas.microsoft.com/developer/msbuild/2003">
  <ItemGroup>
    <ClCompile Include="ccd.c">
      <Filter>Source Files</Filter>
    </ClCompile>
    <ClCompile Include="mpr.c">
      <Filter>Source Files</Filter>
    </ClCompile>
    <ClCompile Include="polytope.c">
      <Filter>Source Files</Filter>
    </ClCompile>
    <ClCompile Include="support.c">
      <Filter>Source Files</Filter>
    </ClCompile>
    <ClCompile Include="vec3.c">
      <Filter>Source Files</Filter>
    </ClCompile>
  </ItemGroup>
  <ItemGroup>
    <ClInclude Include="C:\Users\nikme\source\repos\GameBuilder\libccd\src\ccd\ccd.h">
      <Filter>Header Files</Filter>
    </ClInclude>
    <ClInclude Include="C:\Users\nikme\source\repos\GameBuilder\libccd\src\ccd\compiler.h">
      <Filter>Header Files</Filter>
    </ClInclude>
    <ClInclude Include="C:\Users\nikme\source\repos\GameBuilder\libccd\src\ccd\ccd_export.h">
      <Filter>Header Files</Filter>
    </ClInclude>
    <ClInclude Include="C:\Users\nikme\source\repos\GameBuilder\libccd\src\ccd\quat.h">
      <Filter>Header Files</Filter>
    </ClInclude>
    <ClInclude Include="C:\Users\nikme\source\repos\GameBuilder\libccd\src\ccd\vec3.h">
      <Filter>Header Files</Filter>
    </ClInclude>
    <ClInclude Include="C:\Users\nikme\source\repos\GameBuilder\libccd\src\ccd\config.h">
      <Filter>Header Files</Filter>
    </ClInclude>
    <ClInclude Include="C:\Users\nikme\source\repos\GameBuilder\libccd\src\alloc.h">
      <Filter>Header Files</Filter>
    </ClInclude>
    <ClInclude Include="C:\Users\nikme\source\repos\GameBuilder\libccd\src\dbg.h">
      <Filter>Header Files</Filter>
    </ClInclude>
    <ClInclude Include="C:\Users\nikme\source\repos\GameBuilder\libccd\src\list.h">
      <Filter>Header Files</Filter>
    </ClInclude>
    <ClInclude Include="C:\Users\nikme\source\repos\GameBuilder\libccd\src\polytope.h">
      <Filter>Header Files</Filter>
    </ClInclude>
    <ClInclude Include="C:\Users\nikme\source\repos\GameBuilder\libccd\src\simplex.h">
      <Filter>Header Files</Filter>
    </ClInclude>
    <ClInclude Include="C:\Users\nikme\source\repos\GameBuilder\libccd\src\support.h">
      <Filter>Header Files</Filter>
    </ClInclude>
  </ItemGroup>
  <ItemGroup>
    <Filter Include="Header Files">
      <UniqueIdentifier>{3B73EC94-CCAE-36B4-B613-B40A500A0245}</UniqueIdentifier>
    </Filter>
    <Filter Include="Source Files">
      <UniqueIdentifier>{BFCD6D00-5A23-3FE7-B7E7-D16692FAF3EB}</UniqueIdentifier>
    </Filter>
  </ItemGroup>
</Project>