
Microsoft Visual Studio Solution File, Format Version 12.00
# Visual Studio Version 17
Project("{8BC9CEB8-8B4A-11D0-8D11-00A0C91BC942}") = "ALL_BUILD", "ALL_BUILD.vcxproj", "{D9BCA5A8-54FD-3D39-86D4-419709706087}"
	ProjectSection(ProjectDependencies) = postProject
		{62D26708-5287-3EC5-BA12-E16104733B91} = {62D26708-5287-3EC5-BA12-E16104733B91}
		{D69195E3-4C18-30BE-A634-03F270864FC9} = {D69195E3-4C18-30BE-A634-03F270864FC9}
		{C2EBBD88-E337-3146-AD14-87AA006DDAE7} = {C2EBBD88-E337-3146-AD14-87AA006DDAE7}
	EndProjectSection
EndProject
Project("{8BC9CEB8-8B4A-11D0-8D11-00A0C91BC942}") = "INSTALL", "INSTALL.vcxproj", "{41679660-9DF3-3966-AA4A-39BB2937CD9D}"
	ProjectSection(ProjectDependencies) = postProject
		{D9BCA5A8-54FD-3D39-86D4-419709706087} = {D9BCA5A8-54FD-3D39-86D4-419709706087}
		{62D26708-5287-3EC5-BA12-E16104733B91} = {62D26708-5287-3EC5-BA12-E16104733B91}
	EndProjectSection
EndProject
Project("{8BC9CEB8-8B4A-11D0-8D11-00A0C91BC942}") = "ZERO_CHECK", "ZERO_CHECK.vcxproj", "{62D26708-5287-3EC5-BA12-E16104733B91}"
	ProjectSection(ProjectDependencies) = postProject
	EndProjectSection
EndProject
Project("{8BC9CEB8-8B4A-11D0-8D11-00A0C91BC942}") = "lwlog_lib", "lwlog_lib.vcxproj", "{D69195E3-4C18-30BE-A634-03F270864FC9}"
	ProjectSection(ProjectDependencies) = postProject
		{62D26708-5287-3EC5-BA12-E16104733B91} = {62D26708-5287-3EC5-BA12-E16104733B91}
	EndProjectSection
EndProject
Project("{8BC9CEB8-8B4A-11D0-8D11-00A0C91BC942}") = "lwlog_sandbox", "lwlog_sandbox.vcxproj", "{C2EBBD88-E337-3146-AD14-87AA006DDAE7}"
	ProjectSection(ProjectDependencies) = postProject
		{62D26708-5287-3EC5-BA12-E16104733B91} = {62D26708-5287-3EC5-BA12-E16104733B91}
		{D69195E3-4C18-30BE-A634-03F270864FC9} = {D69195E3-4C18-30BE-A634-03F270864FC9}
	EndProjectSection
EndProject
Global
	GlobalSection(SolutionConfigurationPlatforms) = preSolution
		Debug|x64 = Debug|x64
		Release|x64 = Release|x64
		MinSizeRel|x64 = MinSizeRel|x64
		RelWithDebInfo|x64 = RelWithDebInfo|x64
	EndGlobalSection
	GlobalSection(ProjectConfigurationPlatforms) = postSolution
		{D9BCA5A8-54FD-3D39-86D4-419709706087}.Debug|x64.ActiveCfg = Debug|x64
		{D9BCA5A8-54FD-3D39-86D4-419709706087}.Debug|x64.Build.0 = Debug|x64
		{D9BCA5A8-54FD-3D39-86D4-419709706087}.Release|x64.ActiveCfg = Release|x64
		{D9BCA5A8-54FD-3D39-86D4-419709706087}.Release|x64.Build.0 = Release|x64
		{D9BCA5A8-54FD-3D39-86D4-419709706087}.MinSizeRel|x64.ActiveCfg = MinSizeRel|x64
		{D9BCA5A8-54FD-3D39-86D4-419709706087}.MinSizeRel|x64.Build.0 = MinSizeRel|x64
		{D9BCA5A8-54FD-3D39-86D4-419709706087}.RelWithDebInfo|x64.ActiveCfg = RelWithDebInfo|x64
		{D9BCA5A8-54FD-3D39-86D4-419709706087}.RelWithDebInfo|x64.Build.0 = RelWithDebInfo|x64
		{41679660-9DF3-3966-AA4A-39BB2937CD9D}.Debug|x64.ActiveCfg = Debug|x64
		{41679660-9DF3-3966-AA4A-39BB2937CD9D}.Release|x64.ActiveCfg = Release|x64
		{41679660-9DF3-3966-AA4A-39BB2937CD9D}.MinSizeRel|x64.ActiveCfg = MinSizeRel|x64
		{41679660-9DF3-3966-AA4A-39BB2937CD9D}.RelWithDebInfo|x64.ActiveCfg = RelWithDebInfo|x64
		{62D26708-5287-3EC5-BA12-E16104733B91}.Debug|x64.ActiveCfg = Debug|x64
		{62D26708-5287-3EC5-BA12-E16104733B91}.Debug|x64.Build.0 = Debug|x64
		{62D26708-5287-3EC5-BA12-E16104733B91}.Release|x64.ActiveCfg = Release|x64
		{62D26708-5287-3EC5-BA12-E16104733B91}.Release|x64.Build.0 = Release|x64
		{62D26708-5287-3EC5-BA12-E16104733B91}.MinSizeRel|x64.ActiveCfg = MinSizeRel|x64
		{62D26708-5287-3EC5-BA12-E16104733B91}.MinSizeRel|x64.Build.0 = MinSizeRel|x64
		{62D26708-5287-3EC5-BA12-E16104733B91}.RelWithDebInfo|x64.ActiveCfg = RelWithDebInfo|x64
		{62D26708-5287-3EC5-BA12-E16104733B91}.RelWithDebInfo|x64.Build.0 = RelWithDebInfo|x64
		{D69195E3-4C18-30BE-A634-03F270864FC9}.Debug|x64.ActiveCfg = Debug|x64
		{D69195E3-4C18-30BE-A634-03F270864FC9}.Debug|x64.Build.0 = Debug|x64
		{D69195E3-4C18-30BE-A634-03F270864FC9}.Release|x64.ActiveCfg = Release|x64
		{D69195E3-4C18-30BE-A634-03F270864FC9}.Release|x64.Build.0 = Release|x64
		{D69195E3-4C18-30BE-A634-03F270864FC9}.MinSizeRel|x64.ActiveCfg = MinSizeRel|x64
		{D69195E3-4C18-30BE-A634-03F270864FC9}.MinSizeRel|x64.Build.0 = MinSizeRel|x64
		{D69195E3-4C18-30BE-A634-03F270864FC9}.RelWithDebInfo|x64.ActiveCfg = RelWithDebInfo|x64
		{D69195E3-4C18-30BE-A634-03F270864FC9}.RelWithDebInfo|x64.Build.0 = RelWithDebInfo|x64
		{C2EBBD88-E337-3146-AD14-87AA006DDAE7}.Debug|x64.ActiveCfg = Debug|x64
		{C2EBBD88-E337-3146-AD14-87AA006DDAE7}.Debug|x64.Build.0 = Debug|x64
		{C2EBBD88-E337-3146-AD14-87AA006DDAE7}.Release|x64.ActiveCfg = Release|x64
		{C2EBBD88-E337-3146-AD14-87AA006DDAE7}.Release|x64.Build.0 = Release|x64
		{C2EBBD88-E337-3146-AD14-87AA006DDAE7}.MinSizeRel|x64.ActiveCfg = MinSizeRel|x64
		{C2EBBD88-E337-3146-AD14-87AA006DDAE7}.MinSizeRel|x64.Build.0 = MinSizeRel|x64
		{C2EBBD88-E337-3146-AD14-87AA006DDAE7}.RelWithDebInfo|x64.ActiveCfg = RelWithDebInfo|x64
		{C2EBBD88-E337-3146-AD14-87AA006DDAE7}.RelWithDebInfo|x64.Build.0 = RelWithDebInfo|x64
	EndGlobalSection
	GlobalSection(ExtensibilityGlobals) = postSolution
		SolutionGuid = {4CB4CC06-4C3B-3BD3-9540-D1CFA574E7F1}
	EndGlobalSection
	GlobalSection(ExtensibilityAddIns) = postSolution
	EndGlobalSection
EndGlobal
