<?xml version="1.0" encoding="utf-8"?>
<Project ToolsVersion="17.0" xmlns="http://schemas.microsoft.com/developer/msbuild/2003">
  <ItemGroup>
    <Filter Include="Header Files">
      <UniqueIdentifier>{17CB9D93-4086-3352-9748-FD47FFE83F26}</UniqueIdentifier>
    </Filter>
    <Filter Include="Source Files">
      <UniqueIdentifier>{83EC19D7-C4B5-3692-8DFE-99F800C1008B}</UniqueIdentifier>
    </Filter>
  </ItemGroup>
  <ItemGroup>
    <ClCompile Include="ImGuiFileDialog.cpp">
      <Filter>Source Files</Filter>
    </ClCompile>
  </ItemGroup>
  <ItemGroup>
    <ClInclude Include="ImGuiFileDialog.h">
      <Filter>Header Files</Filter>
    </ClInclude>
    <ClInclude Include="ImGuiFileDialogConfig.h">
      <Filter>Header Files</Filter>
    </ClInclude>
  </ItemGroup>
</Project>